// !$*UTF8*$!
{
	archiveVersion = 1;
	classes = {
	};
	objectVersion = 46;
	objects = {

/* Begin PBXBuildFile section */
		9B16FCDB9EA779EC2589454E /* Pods_OAStatusItemKit.framework in Frameworks */ = {isa = PBXBuildFile; fileRef = 9F0093F2631F1A54698AE8BB /* Pods_OAStatusItemKit.framework */; };
		A9419C4E5898E58256146887 /* Pods_OAStatusItemKitTests.framework in Frameworks */ = {isa = PBXBuildFile; fileRef = 54058F4238A8B7300B28C942 /* Pods_OAStatusItemKitTests.framework */; };
		D76538531C4F21010073C059 /* OAStatusItemKit.h in Headers */ = {isa = PBXBuildFile; fileRef = D76538521C4F21010073C059 /* OAStatusItemKit.h */; settings = {ATTRIBUTES = (Public, ); }; };
		D765385A1C4F21010073C059 /* OAStatusItemKit.framework in Frameworks */ = {isa = PBXBuildFile; fileRef = D765384F1C4F21010073C059 /* OAStatusItemKit.framework */; };
		D76538821C4F24770073C059 /* StatusBarImagesSpec.swift in Sources */ = {isa = PBXBuildFile; fileRef = D76538811C4F24770073C059 /* StatusBarImagesSpec.swift */; };
		D765388A1C4F24F30073C059 /* NSImage+Tint.swift in Sources */ = {isa = PBXBuildFile; fileRef = D76538851C4F24F30073C059 /* NSImage+Tint.swift */; };
		D765388B1C4F24F30073C059 /* StatusBarImages.swift in Sources */ = {isa = PBXBuildFile; fileRef = D76538861C4F24F30073C059 /* StatusBarImages.swift */; };
		D765388C1C4F24F30073C059 /* StatusBarItemView.swift in Sources */ = {isa = PBXBuildFile; fileRef = D76538871C4F24F30073C059 /* StatusBarItemView.swift */; };
		D765388D1C4F24F30073C059 /* StatusBarWindowController.swift in Sources */ = {isa = PBXBuildFile; fileRef = D76538881C4F24F30073C059 /* StatusBarWindowController.swift */; };
		D765388F1C4F25B60073C059 /* StatusBarInterface.swift in Sources */ = {isa = PBXBuildFile; fileRef = D765388E1C4F25B60073C059 /* StatusBarInterface.swift */; };
		D76538941C4FF8B60073C059 /* ImageDrawer.swift in Sources */ = {isa = PBXBuildFile; fileRef = D76538931C4FF8B60073C059 /* ImageDrawer.swift */; };
		D76538961C5025940073C059 /* ImageDrawerSpec.swift in Sources */ = {isa = PBXBuildFile; fileRef = D76538951C5025930073C059 /* ImageDrawerSpec.swift */; };
		D76538981C502C580073C059 /* TestHelper.swift in Sources */ = {isa = PBXBuildFile; fileRef = D76538971C502C580073C059 /* TestHelper.swift */; };
		D765389A1C5030FD0073C059 /* StatusBarItemViewSpec.swift in Sources */ = {isa = PBXBuildFile; fileRef = D76538991C5030FD0073C059 /* StatusBarItemViewSpec.swift */; };
		D765389C1C5043830073C059 /* WindowPlacer.swift in Sources */ = {isa = PBXBuildFile; fileRef = D765389B1C5043830073C059 /* WindowPlacer.swift */; };
		D765389E1C504A510073C059 /* StatusWindowPlacement.swift in Sources */ = {isa = PBXBuildFile; fileRef = D765389D1C504A510073C059 /* StatusWindowPlacement.swift */; };
		D76538A01C504B7F0073C059 /* WindowPlacerSpec.swift in Sources */ = {isa = PBXBuildFile; fileRef = D765389F1C504B7F0073C059 /* WindowPlacerSpec.swift */; };
		D76538A21C5120150073C059 /* StatusBarItemCenterPlacer.swift in Sources */ = {isa = PBXBuildFile; fileRef = D76538A11C5120150073C059 /* StatusBarItemCenterPlacer.swift */; };
		D76538A41C5120320073C059 /* ScreenWindowPlacer.swift in Sources */ = {isa = PBXBuildFile; fileRef = D76538A31C5120320073C059 /* ScreenWindowPlacer.swift */; };
		D76538A61C513CD90073C059 /* BundleLoading.swift in Sources */ = {isa = PBXBuildFile; fileRef = D76538A51C513CD90073C059 /* BundleLoading.swift */; };
		D77649C91C548A7900923F9C /* StatusBarPopupPresenter.swift in Sources */ = {isa = PBXBuildFile; fileRef = D77649C81C548A7900923F9C /* StatusBarPopupPresenter.swift */; };
		D77649D01C54929F00923F9C /* EventMonitor.swift in Sources */ = {isa = PBXBuildFile; fileRef = D77649CF1C54929F00923F9C /* EventMonitor.swift */; };
		D77649D21C549A5100923F9C /* StatusBarWindowStyle.swift in Sources */ = {isa = PBXBuildFile; fileRef = D77649D11C549A5100923F9C /* StatusBarWindowStyle.swift */; };
		D77649D41C549B5400923F9C /* StatusBarViewPresenter.swift in Sources */ = {isa = PBXBuildFile; fileRef = D77649D31C549B5400923F9C /* StatusBarViewPresenter.swift */; };
		D7D859D91C5179EC00F2A447 /* StatusPanel.swift in Sources */ = {isa = PBXBuildFile; fileRef = D7D859D81C5179EC00F2A447 /* StatusPanel.swift */; };
/* End PBXBuildFile section */

/* Begin PBXContainerItemProxy section */
		D765385B1C4F21010073C059 /* PBXContainerItemProxy */ = {
			isa = PBXContainerItemProxy;
			containerPortal = D76538461C4F21000073C059 /* Project object */;
			proxyType = 1;
			remoteGlobalIDString = D765384E1C4F21010073C059;
			remoteInfo = OAStatusItemKit;
		};
/* End PBXContainerItemProxy section */

/* Begin PBXFileReference section */
		3E7EA329915BDB4188160025 /* Pods-OAStatusItemKit.debug.xcconfig */ = {isa = PBXFileReference; includeInIndex = 1; lastKnownFileType = text.xcconfig; name = "Pods-OAStatusItemKit.debug.xcconfig"; path = "Pods/Target Support Files/Pods-OAStatusItemKit/Pods-OAStatusItemKit.debug.xcconfig"; sourceTree = "<group>"; };
		54058F4238A8B7300B28C942 /* Pods_OAStatusItemKitTests.framework */ = {isa = PBXFileReference; explicitFileType = wrapper.framework; includeInIndex = 0; path = Pods_OAStatusItemKitTests.framework; sourceTree = BUILT_PRODUCTS_DIR; };
		9F0093F2631F1A54698AE8BB /* Pods_OAStatusItemKit.framework */ = {isa = PBXFileReference; explicitFileType = wrapper.framework; includeInIndex = 0; path = Pods_OAStatusItemKit.framework; sourceTree = BUILT_PRODUCTS_DIR; };
		A8C2877BBEF8DD99180BE6C3 /* Pods-OAStatusItemKitTests.release.xcconfig */ = {isa = PBXFileReference; includeInIndex = 1; lastKnownFileType = text.xcconfig; name = "Pods-OAStatusItemKitTests.release.xcconfig"; path = "Pods/Target Support Files/Pods-OAStatusItemKitTests/Pods-OAStatusItemKitTests.release.xcconfig"; sourceTree = "<group>"; };
		B89204C89E477875464B16DE /* Pods-OAStatusItemKit.release.xcconfig */ = {isa = PBXFileReference; includeInIndex = 1; lastKnownFileType = text.xcconfig; name = "Pods-OAStatusItemKit.release.xcconfig"; path = "Pods/Target Support Files/Pods-OAStatusItemKit/Pods-OAStatusItemKit.release.xcconfig"; sourceTree = "<group>"; };
		BEBBCEF0D972CAF3A86BEB16 /* Pods-OAStatusItemKitTests.debug.xcconfig */ = {isa = PBXFileReference; includeInIndex = 1; lastKnownFileType = text.xcconfig; name = "Pods-OAStatusItemKitTests.debug.xcconfig"; path = "Pods/Target Support Files/Pods-OAStatusItemKitTests/Pods-OAStatusItemKitTests.debug.xcconfig"; sourceTree = "<group>"; };
		D765384F1C4F21010073C059 /* OAStatusItemKit.framework */ = {isa = PBXFileReference; explicitFileType = wrapper.framework; includeInIndex = 0; path = OAStatusItemKit.framework; sourceTree = BUILT_PRODUCTS_DIR; };
		D76538521C4F21010073C059 /* OAStatusItemKit.h */ = {isa = PBXFileReference; lastKnownFileType = sourcecode.c.h; path = OAStatusItemKit.h; sourceTree = "<group>"; };
		D76538541C4F21010073C059 /* Info.plist */ = {isa = PBXFileReference; lastKnownFileType = text.plist.xml; path = Info.plist; sourceTree = "<group>"; };
		D76538591C4F21010073C059 /* OAStatusItemKitTests.xctest */ = {isa = PBXFileReference; explicitFileType = wrapper.cfbundle; includeInIndex = 0; path = OAStatusItemKitTests.xctest; sourceTree = BUILT_PRODUCTS_DIR; };
		D76538601C4F21010073C059 /* Info.plist */ = {isa = PBXFileReference; lastKnownFileType = text.plist.xml; path = Info.plist; sourceTree = "<group>"; };
		D76538811C4F24770073C059 /* StatusBarImagesSpec.swift */ = {isa = PBXFileReference; fileEncoding = 4; lastKnownFileType = sourcecode.swift; path = StatusBarImagesSpec.swift; sourceTree = "<group>"; };
		D76538851C4F24F30073C059 /* NSImage+Tint.swift */ = {isa = PBXFileReference; fileEncoding = 4; lastKnownFileType = sourcecode.swift; path = "NSImage+Tint.swift"; sourceTree = "<group>"; };
		D76538861C4F24F30073C059 /* StatusBarImages.swift */ = {isa = PBXFileReference; fileEncoding = 4; lastKnownFileType = sourcecode.swift; path = StatusBarImages.swift; sourceTree = "<group>"; };
		D76538871C4F24F30073C059 /* StatusBarItemView.swift */ = {isa = PBXFileReference; fileEncoding = 4; lastKnownFileType = sourcecode.swift; path = StatusBarItemView.swift; sourceTree = "<group>"; };
		D76538881C4F24F30073C059 /* StatusBarWindowController.swift */ = {isa = PBXFileReference; fileEncoding = 4; lastKnownFileType = sourcecode.swift; path = StatusBarWindowController.swift; sourceTree = "<group>"; };
		D765388E1C4F25B60073C059 /* StatusBarInterface.swift */ = {isa = PBXFileReference; fileEncoding = 4; lastKnownFileType = sourcecode.swift; path = StatusBarInterface.swift; sourceTree = "<group>"; };
		D76538931C4FF8B60073C059 /* ImageDrawer.swift */ = {isa = PBXFileReference; fileEncoding = 4; lastKnownFileType = sourcecode.swift; path = ImageDrawer.swift; sourceTree = "<group>"; };
		D76538951C5025930073C059 /* ImageDrawerSpec.swift */ = {isa = PBXFileReference; fileEncoding = 4; lastKnownFileType = sourcecode.swift; path = ImageDrawerSpec.swift; sourceTree = "<group>"; };
		D76538971C502C580073C059 /* TestHelper.swift */ = {isa = PBXFileReference; fileEncoding = 4; lastKnownFileType = sourcecode.swift; path = TestHelper.swift; sourceTree = "<group>"; };
		D76538991C5030FD0073C059 /* StatusBarItemViewSpec.swift */ = {isa = PBXFileReference; fileEncoding = 4; lastKnownFileType = sourcecode.swift; path = StatusBarItemViewSpec.swift; sourceTree = "<group>"; };
		D765389B1C5043830073C059 /* WindowPlacer.swift */ = {isa = PBXFileReference; fileEncoding = 4; lastKnownFileType = sourcecode.swift; path = WindowPlacer.swift; sourceTree = "<group>"; };
		D765389D1C504A510073C059 /* StatusWindowPlacement.swift */ = {isa = PBXFileReference; fileEncoding = 4; lastKnownFileType = sourcecode.swift; path = StatusWindowPlacement.swift; sourceTree = "<group>"; };
		D765389F1C504B7F0073C059 /* WindowPlacerSpec.swift */ = {isa = PBXFileReference; fileEncoding = 4; lastKnownFileType = sourcecode.swift; path = WindowPlacerSpec.swift; sourceTree = "<group>"; };
		D76538A11C5120150073C059 /* StatusBarItemCenterPlacer.swift */ = {isa = PBXFileReference; fileEncoding = 4; lastKnownFileType = sourcecode.swift; path = StatusBarItemCenterPlacer.swift; sourceTree = "<group>"; };
		D76538A31C5120320073C059 /* ScreenWindowPlacer.swift */ = {isa = PBXFileReference; fileEncoding = 4; lastKnownFileType = sourcecode.swift; path = ScreenWindowPlacer.swift; sourceTree = "<group>"; };
		D76538A51C513CD90073C059 /* BundleLoading.swift */ = {isa = PBXFileReference; fileEncoding = 4; lastKnownFileType = sourcecode.swift; path = BundleLoading.swift; sourceTree = "<group>"; };
		D77649C81C548A7900923F9C /* StatusBarPopupPresenter.swift */ = {isa = PBXFileReference; fileEncoding = 4; lastKnownFileType = sourcecode.swift; path = StatusBarPopupPresenter.swift; sourceTree = "<group>"; };
		D77649CF1C54929F00923F9C /* EventMonitor.swift */ = {isa = PBXFileReference; fileEncoding = 4; lastKnownFileType = sourcecode.swift; path = EventMonitor.swift; sourceTree = "<group>"; };
		D77649D11C549A5100923F9C /* StatusBarWindowStyle.swift */ = {isa = PBXFileReference; fileEncoding = 4; lastKnownFileType = sourcecode.swift; path = StatusBarWindowStyle.swift; sourceTree = "<group>"; };
		D77649D31C549B5400923F9C /* StatusBarViewPresenter.swift */ = {isa = PBXFileReference; fileEncoding = 4; lastKnownFileType = sourcecode.swift; path = StatusBarViewPresenter.swift; sourceTree = "<group>"; };
		D7D859D81C5179EC00F2A447 /* StatusPanel.swift */ = {isa = PBXFileReference; fileEncoding = 4; lastKnownFileType = sourcecode.swift; path = StatusPanel.swift; sourceTree = "<group>"; };
/* End PBXFileReference section */

/* Begin PBXFrameworksBuildPhase section */
		D765384B1C4F21010073C059 /* Frameworks */ = {
			isa = PBXFrameworksBuildPhase;
			buildActionMask = 2147483647;
			files = (
				9B16FCDB9EA779EC2589454E /* Pods_OAStatusItemKit.framework in Frameworks */,
			);
			runOnlyForDeploymentPostprocessing = 0;
		};
		D76538561C4F21010073C059 /* Frameworks */ = {
			isa = PBXFrameworksBuildPhase;
			buildActionMask = 2147483647;
			files = (
				D765385A1C4F21010073C059 /* OAStatusItemKit.framework in Frameworks */,
				A9419C4E5898E58256146887 /* Pods_OAStatusItemKitTests.framework in Frameworks */,
			);
			runOnlyForDeploymentPostprocessing = 0;
		};
/* End PBXFrameworksBuildPhase section */

/* Begin PBXGroup section */
		7D00103CF900238074D6199A /* Pods */ = {
			isa = PBXGroup;
			children = (
				3E7EA329915BDB4188160025 /* Pods-OAStatusItemKit.debug.xcconfig */,
				B89204C89E477875464B16DE /* Pods-OAStatusItemKit.release.xcconfig */,
				BEBBCEF0D972CAF3A86BEB16 /* Pods-OAStatusItemKitTests.debug.xcconfig */,
				A8C2877BBEF8DD99180BE6C3 /* Pods-OAStatusItemKitTests.release.xcconfig */,
			);
			name = Pods;
			sourceTree = "<group>";
		};
		AF078CE192E4F9E417EFA003 /* Frameworks */ = {
			isa = PBXGroup;
			children = (
				9F0093F2631F1A54698AE8BB /* Pods_OAStatusItemKit.framework */,
				54058F4238A8B7300B28C942 /* Pods_OAStatusItemKitTests.framework */,
			);
			name = Frameworks;
			sourceTree = "<group>";
		};
		D76538451C4F21000073C059 = {
			isa = PBXGroup;
			children = (
				D76538511C4F21010073C059 /* OAStatusItemKit */,
				D765385D1C4F21010073C059 /* OAStatusItemKitTests */,
				D76538501C4F21010073C059 /* Products */,
				7D00103CF900238074D6199A /* Pods */,
				AF078CE192E4F9E417EFA003 /* Frameworks */,
			);
			sourceTree = "<group>";
		};
		D76538501C4F21010073C059 /* Products */ = {
			isa = PBXGroup;
			children = (
				D765384F1C4F21010073C059 /* OAStatusItemKit.framework */,
				D76538591C4F21010073C059 /* OAStatusItemKitTests.xctest */,
			);
			name = Products;
			sourceTree = "<group>";
		};
		D76538511C4F21010073C059 /* OAStatusItemKit */ = {
			isa = PBXGroup;
			children = (
				D76538831C4F24F30073C059 /* Classes */,
				D76538521C4F21010073C059 /* OAStatusItemKit.h */,
				D76538541C4F21010073C059 /* Info.plist */,
			);
			path = OAStatusItemKit;
			sourceTree = "<group>";
		};
		D765385D1C4F21010073C059 /* OAStatusItemKitTests */ = {
			isa = PBXGroup;
			children = (
				D76538601C4F21010073C059 /* Info.plist */,
				D76538811C4F24770073C059 /* StatusBarImagesSpec.swift */,
				D76538951C5025930073C059 /* ImageDrawerSpec.swift */,
				D76538971C502C580073C059 /* TestHelper.swift */,
				D76538991C5030FD0073C059 /* StatusBarItemViewSpec.swift */,
				D765389F1C504B7F0073C059 /* WindowPlacerSpec.swift */,
			);
			path = OAStatusItemKitTests;
			sourceTree = "<group>";
		};
		D76538831C4F24F30073C059 /* Classes */ = {
			isa = PBXGroup;
			children = (
				D77649D81C54A46B00923F9C /* WindowPlacer */,
				D77649D71C54A43900923F9C /* Views */,
				D77649D51C54A28800923F9C /* StatusBarViewPresenter */,
				D77649D61C54A42700923F9C /* Utilities */,
			);
			name = Classes;
			path = ../../Pod/Classes;
			sourceTree = "<group>";
		};
		D77649D51C54A28800923F9C /* StatusBarViewPresenter */ = {
			isa = PBXGroup;
			children = (
				D77649D31C549B5400923F9C /* StatusBarViewPresenter.swift */,
				D77649C81C548A7900923F9C /* StatusBarPopupPresenter.swift */,
				D76538881C4F24F30073C059 /* StatusBarWindowController.swift */,
			);
			name = StatusBarViewPresenter;
			sourceTree = "<group>";
		};
		D77649D61C54A42700923F9C /* Utilities */ = {
			isa = PBXGroup;
			children = (
				D77649D11C549A5100923F9C /* StatusBarWindowStyle.swift */,
				D76538A51C513CD90073C059 /* BundleLoading.swift */,
				D765389B1C5043830073C059 /* WindowPlacer.swift */,
				D765388E1C4F25B60073C059 /* StatusBarInterface.swift */,
				D76538851C4F24F30073C059 /* NSImage+Tint.swift */,
				D77649CF1C54929F00923F9C /* EventMonitor.swift */,
			);
			name = Utilities;
			sourceTree = "<group>";
		};
		D77649D71C54A43900923F9C /* Views */ = {
			isa = PBXGroup;
			children = (
				D7D859D81C5179EC00F2A447 /* StatusPanel.swift */,
				D76538931C4FF8B60073C059 /* ImageDrawer.swift */,
				D76538871C4F24F30073C059 /* StatusBarItemView.swift */,
				D76538861C4F24F30073C059 /* StatusBarImages.swift */,
			);
			name = Views;
			sourceTree = "<group>";
		};
		D77649D81C54A46B00923F9C /* WindowPlacer */ = {
			isa = PBXGroup;
			children = (
				D765389D1C504A510073C059 /* StatusWindowPlacement.swift */,
				D76538A31C5120320073C059 /* ScreenWindowPlacer.swift */,
				D76538A11C5120150073C059 /* StatusBarItemCenterPlacer.swift */,
			);
			name = WindowPlacer;
			sourceTree = "<group>";
		};
/* End PBXGroup section */

/* Begin PBXHeadersBuildPhase section */
		D765384C1C4F21010073C059 /* Headers */ = {
			isa = PBXHeadersBuildPhase;
			buildActionMask = 2147483647;
			files = (
				D76538531C4F21010073C059 /* OAStatusItemKit.h in Headers */,
			);
			runOnlyForDeploymentPostprocessing = 0;
		};
/* End PBXHeadersBuildPhase section */

/* Begin PBXNativeTarget section */
		D765384E1C4F21010073C059 /* OAStatusItemKit */ = {
			isa = PBXNativeTarget;
			buildConfigurationList = D76538631C4F21010073C059 /* Build configuration list for PBXNativeTarget "OAStatusItemKit" */;
			buildPhases = (
				0566B5D585BB3421D564E591 /* [CP] Check Pods Manifest.lock */,
				D765384A1C4F21010073C059 /* Sources */,
				D765384B1C4F21010073C059 /* Frameworks */,
				D765384C1C4F21010073C059 /* Headers */,
				D765384D1C4F21010073C059 /* Resources */,
				C1D6BEE94C6A9D027A90855E /* [CP] Copy Pods Resources */,
			);
			buildRules = (
			);
			dependencies = (
			);
			name = OAStatusItemKit;
			productName = OAStatusItemKit;
			productReference = D765384F1C4F21010073C059 /* OAStatusItemKit.framework */;
			productType = "com.apple.product-type.framework";
		};
		D76538581C4F21010073C059 /* OAStatusItemKitTests */ = {
			isa = PBXNativeTarget;
			buildConfigurationList = D76538661C4F21010073C059 /* Build configuration list for PBXNativeTarget "OAStatusItemKitTests" */;
			buildPhases = (
				FD7FCDB7273DBFDA486F076C /* [CP] Check Pods Manifest.lock */,
				D76538551C4F21010073C059 /* Sources */,
				D76538561C4F21010073C059 /* Frameworks */,
				D76538571C4F21010073C059 /* Resources */,
				1D042DBF9C05C9AF5D15BAF6 /* [CP] Embed Pods Frameworks */,
				2D3BA988287A56CFCD93125F /* [CP] Copy Pods Resources */,
			);
			buildRules = (
			);
			dependencies = (
				D765385C1C4F21010073C059 /* PBXTargetDependency */,
			);
			name = OAStatusItemKitTests;
			productName = OAStatusItemKitTests;
			productReference = D76538591C4F21010073C059 /* OAStatusItemKitTests.xctest */;
			productType = "com.apple.product-type.bundle.unit-test";
		};
/* End PBXNativeTarget section */

/* Begin PBXProject section */
		D76538461C4F21000073C059 /* Project object */ = {
			isa = PBXProject;
			attributes = {
				LastSwiftUpdateCheck = 0720;
				LastUpgradeCheck = 0820;
				ORGANIZATIONNAME = "Omar Abdelhafith";
				TargetAttributes = {
					D765384E1C4F21010073C059 = {
						CreatedOnToolsVersion = 7.2;
						LastSwiftMigration = 0820;
					};
					D76538581C4F21010073C059 = {
						CreatedOnToolsVersion = 7.2;
						LastSwiftMigration = 0820;
					};
				};
			};
			buildConfigurationList = D76538491C4F21000073C059 /* Build configuration list for PBXProject "OAStatusItemKit" */;
			compatibilityVersion = "Xcode 3.2";
			developmentRegion = English;
			hasScannedForEncodings = 0;
			knownRegions = (
				en,
			);
			mainGroup = D76538451C4F21000073C059;
			productRefGroup = D76538501C4F21010073C059 /* Products */;
			projectDirPath = "";
			projectRoot = "";
			targets = (
				D765384E1C4F21010073C059 /* OAStatusItemKit */,
				D76538581C4F21010073C059 /* OAStatusItemKitTests */,
			);
		};
/* End PBXProject section */

/* Begin PBXResourcesBuildPhase section */
		D765384D1C4F21010073C059 /* Resources */ = {
			isa = PBXResourcesBuildPhase;
			buildActionMask = 2147483647;
			files = (
			);
			runOnlyForDeploymentPostprocessing = 0;
		};
		D76538571C4F21010073C059 /* Resources */ = {
			isa = PBXResourcesBuildPhase;
			buildActionMask = 2147483647;
			files = (
			);
			runOnlyForDeploymentPostprocessing = 0;
		};
/* End PBXResourcesBuildPhase section */

/* Begin PBXShellScriptBuildPhase section */
		0566B5D585BB3421D564E591 /* [CP] Check Pods Manifest.lock */ = {
			isa = PBXShellScriptBuildPhase;
			buildActionMask = 2147483647;
			files = (
			);
			inputPaths = (
			);
			name = "[CP] Check Pods Manifest.lock";
			outputPaths = (
			);
			runOnlyForDeploymentPostprocessing = 0;
			shellPath = /bin/sh;
			shellScript = "diff \"${PODS_ROOT}/../Podfile.lock\" \"${PODS_ROOT}/Manifest.lock\" > /dev/null\nif [ $? != 0 ] ; then\n    # print error to STDERR\n    echo \"error: The sandbox is not in sync with the Podfile.lock. Run 'pod install' or update your CocoaPods installation.\" >&2\n    exit 1\nfi\n";
			showEnvVarsInLog = 0;
		};
		1D042DBF9C05C9AF5D15BAF6 /* [CP] Embed Pods Frameworks */ = {
			isa = PBXShellScriptBuildPhase;
			buildActionMask = 2147483647;
			files = (
			);
			inputPaths = (
			);
			name = "[CP] Embed Pods Frameworks";
			outputPaths = (
			);
			runOnlyForDeploymentPostprocessing = 0;
			shellPath = /bin/sh;
			shellScript = "\"${SRCROOT}/Pods/Target Support Files/Pods-OAStatusItemKitTests/Pods-OAStatusItemKitTests-frameworks.sh\"\n";
			showEnvVarsInLog = 0;
		};
		2D3BA988287A56CFCD93125F /* [CP] Copy Pods Resources */ = {
			isa = PBXShellScriptBuildPhase;
			buildActionMask = 2147483647;
			files = (
			);
			inputPaths = (
			);
			name = "[CP] Copy Pods Resources";
			outputPaths = (
			);
			runOnlyForDeploymentPostprocessing = 0;
			shellPath = /bin/sh;
			shellScript = "\"${SRCROOT}/Pods/Target Support Files/Pods-OAStatusItemKitTests/Pods-OAStatusItemKitTests-resources.sh\"\n";
			showEnvVarsInLog = 0;
		};
		C1D6BEE94C6A9D027A90855E /* [CP] Copy Pods Resources */ = {
			isa = PBXShellScriptBuildPhase;
			buildActionMask = 2147483647;
			files = (
			);
			inputPaths = (
			);
			name = "[CP] Copy Pods Resources";
			outputPaths = (
			);
			runOnlyForDeploymentPostprocessing = 0;
			shellPath = /bin/sh;
			shellScript = "\"${SRCROOT}/Pods/Target Support Files/Pods-OAStatusItemKit/Pods-OAStatusItemKit-resources.sh\"\n";
			showEnvVarsInLog = 0;
		};
		FD7FCDB7273DBFDA486F076C /* [CP] Check Pods Manifest.lock */ = {
			isa = PBXShellScriptBuildPhase;
			buildActionMask = 2147483647;
			files = (
			);
			inputPaths = (
			);
			name = "[CP] Check Pods Manifest.lock";
			outputPaths = (
			);
			runOnlyForDeploymentPostprocessing = 0;
			shellPath = /bin/sh;
			shellScript = "diff \"${PODS_ROOT}/../Podfile.lock\" \"${PODS_ROOT}/Manifest.lock\" > /dev/null\nif [ $? != 0 ] ; then\n    # print error to STDERR\n    echo \"error: The sandbox is not in sync with the Podfile.lock. Run 'pod install' or update your CocoaPods installation.\" >&2\n    exit 1\nfi\n";
			showEnvVarsInLog = 0;
		};
/* End PBXShellScriptBuildPhase section */

/* Begin PBXSourcesBuildPhase section */
		D765384A1C4F21010073C059 /* Sources */ = {
			isa = PBXSourcesBuildPhase;
			buildActionMask = 2147483647;
			files = (
				D76538A21C5120150073C059 /* StatusBarItemCenterPlacer.swift in Sources */,
				D76538941C4FF8B60073C059 /* ImageDrawer.swift in Sources */,
				D765388C1C4F24F30073C059 /* StatusBarItemView.swift in Sources */,
				D77649D41C549B5400923F9C /* StatusBarViewPresenter.swift in Sources */,
				D765388A1C4F24F30073C059 /* NSImage+Tint.swift in Sources */,
				D7D859D91C5179EC00F2A447 /* StatusPanel.swift in Sources */,
				D77649D01C54929F00923F9C /* EventMonitor.swift in Sources */,
				D77649D21C549A5100923F9C /* StatusBarWindowStyle.swift in Sources */,
				D76538A41C5120320073C059 /* ScreenWindowPlacer.swift in Sources */,
				D77649C91C548A7900923F9C /* StatusBarPopupPresenter.swift in Sources */,
				D765389E1C504A510073C059 /* StatusWindowPlacement.swift in Sources */,
				D765389C1C5043830073C059 /* WindowPlacer.swift in Sources */,
				D765388B1C4F24F30073C059 /* StatusBarImages.swift in Sources */,
				D765388F1C4F25B60073C059 /* StatusBarInterface.swift in Sources */,
				D765388D1C4F24F30073C059 /* StatusBarWindowController.swift in Sources */,
				D76538A61C513CD90073C059 /* BundleLoading.swift in Sources */,
			);
			runOnlyForDeploymentPostprocessing = 0;
		};
		D76538551C4F21010073C059 /* Sources */ = {
			isa = PBXSourcesBuildPhase;
			buildActionMask = 2147483647;
			files = (
				D765389A1C5030FD0073C059 /* StatusBarItemViewSpec.swift in Sources */,
				D76538981C502C580073C059 /* TestHelper.swift in Sources */,
				D76538961C5025940073C059 /* ImageDrawerSpec.swift in Sources */,
				D76538821C4F24770073C059 /* StatusBarImagesSpec.swift in Sources */,
				D76538A01C504B7F0073C059 /* WindowPlacerSpec.swift in Sources */,
			);
			runOnlyForDeploymentPostprocessing = 0;
		};
/* End PBXSourcesBuildPhase section */

/* Begin PBXTargetDependency section */
		D765385C1C4F21010073C059 /* PBXTargetDependency */ = {
			isa = PBXTargetDependency;
			target = D765384E1C4F21010073C059 /* OAStatusItemKit */;
			targetProxy = D765385B1C4F21010073C059 /* PBXContainerItemProxy */;
		};
/* End PBXTargetDependency section */

/* Begin XCBuildConfiguration section */
		D76538611C4F21010073C059 /* Debug */ = {
			isa = XCBuildConfiguration;
			buildSettings = {
				ALWAYS_SEARCH_USER_PATHS = NO;
				CLANG_CXX_LANGUAGE_STANDARD = "gnu++0x";
				CLANG_CXX_LIBRARY = "libc++";
				CLANG_ENABLE_MODULES = YES;
				CLANG_ENABLE_OBJC_ARC = YES;
				CLANG_WARN_BOOL_CONVERSION = YES;
				CLANG_WARN_CONSTANT_CONVERSION = YES;
				CLANG_WARN_DIRECT_OBJC_ISA_USAGE = YES_ERROR;
				CLANG_WARN_EMPTY_BODY = YES;
				CLANG_WARN_ENUM_CONVERSION = YES;
				CLANG_WARN_INFINITE_RECURSION = YES;
				CLANG_WARN_INT_CONVERSION = YES;
				CLANG_WARN_OBJC_ROOT_CLASS = YES_ERROR;
				CLANG_WARN_SUSPICIOUS_MOVE = YES;
				CLANG_WARN_UNREACHABLE_CODE = YES;
				CLANG_WARN__DUPLICATE_METHOD_MATCH = YES;
				CODE_SIGN_IDENTITY = "-";
				COPY_PHASE_STRIP = NO;
				CURRENT_PROJECT_VERSION = 1;
				DEBUG_INFORMATION_FORMAT = dwarf;
				ENABLE_STRICT_OBJC_MSGSEND = YES;
				ENABLE_TESTABILITY = YES;
				GCC_C_LANGUAGE_STANDARD = gnu99;
				GCC_DYNAMIC_NO_PIC = NO;
				GCC_NO_COMMON_BLOCKS = YES;
				GCC_OPTIMIZATION_LEVEL = 0;
				GCC_PREPROCESSOR_DEFINITIONS = (
					"DEBUG=1",
					"$(inherited)",
				);
				GCC_WARN_64_TO_32_BIT_CONVERSION = YES;
				GCC_WARN_ABOUT_RETURN_TYPE = YES_ERROR;
				GCC_WARN_UNDECLARED_SELECTOR = YES;
				GCC_WARN_UNINITIALIZED_AUTOS = YES_AGGRESSIVE;
				GCC_WARN_UNUSED_FUNCTION = YES;
				GCC_WARN_UNUSED_VARIABLE = YES;
				MACOSX_DEPLOYMENT_TARGET = 10.9;
				MTL_ENABLE_DEBUG_INFO = YES;
				ONLY_ACTIVE_ARCH = YES;
				SDKROOT = macosx;
				SWIFT_OPTIMIZATION_LEVEL = "-Onone";
				VERSIONING_SYSTEM = "apple-generic";
				VERSION_INFO_PREFIX = "";
			};
			name = Debug;
		};
		D76538621C4F21010073C059 /* Release */ = {
			isa = XCBuildConfiguration;
			buildSettings = {
				ALWAYS_SEARCH_USER_PATHS = NO;
				CLANG_CXX_LANGUAGE_STANDARD = "gnu++0x";
				CLANG_CXX_LIBRARY = "libc++";
				CLANG_ENABLE_MODULES = YES;
				CLANG_ENABLE_OBJC_ARC = YES;
				CLANG_WARN_BOOL_CONVERSION = YES;
				CLANG_WARN_CONSTANT_CONVERSION = YES;
				CLANG_WARN_DIRECT_OBJC_ISA_USAGE = YES_ERROR;
				CLANG_WARN_EMPTY_BODY = YES;
				CLANG_WARN_ENUM_CONVERSION = YES;
				CLANG_WARN_INFINITE_RECURSION = YES;
				CLANG_WARN_INT_CONVERSION = YES;
				CLANG_WARN_OBJC_ROOT_CLASS = YES_ERROR;
				CLANG_WARN_SUSPICIOUS_MOVE = YES;
				CLANG_WARN_UNREACHABLE_CODE = YES;
				CLANG_WARN__DUPLICATE_METHOD_MATCH = YES;
				CODE_SIGN_IDENTITY = "-";
				COPY_PHASE_STRIP = NO;
				CURRENT_PROJECT_VERSION = 1;
				DEBUG_INFORMATION_FORMAT = "dwarf-with-dsym";
				ENABLE_NS_ASSERTIONS = NO;
				ENABLE_STRICT_OBJC_MSGSEND = YES;
				GCC_C_LANGUAGE_STANDARD = gnu99;
				GCC_NO_COMMON_BLOCKS = YES;
				GCC_WARN_64_TO_32_BIT_CONVERSION = YES;
				GCC_WARN_ABOUT_RETURN_TYPE = YES_ERROR;
				GCC_WARN_UNDECLARED_SELECTOR = YES;
				GCC_WARN_UNINITIALIZED_AUTOS = YES_AGGRESSIVE;
				GCC_WARN_UNUSED_FUNCTION = YES;
				GCC_WARN_UNUSED_VARIABLE = YES;
				MACOSX_DEPLOYMENT_TARGET = 10.9;
				MTL_ENABLE_DEBUG_INFO = NO;
				SDKROOT = macosx;
				SWIFT_OPTIMIZATION_LEVEL = "-Owholemodule";
				VERSIONING_SYSTEM = "apple-generic";
				VERSION_INFO_PREFIX = "";
			};
			name = Release;
		};
		D76538641C4F21010073C059 /* Debug */ = {
			isa = XCBuildConfiguration;
			baseConfigurationReference = 3E7EA329915BDB4188160025 /* Pods-OAStatusItemKit.debug.xcconfig */;
			buildSettings = {
				COMBINE_HIDPI_IMAGES = YES;
				DEFINES_MODULE = YES;
				DYLIB_COMPATIBILITY_VERSION = 1;
				DYLIB_CURRENT_VERSION = 1;
				DYLIB_INSTALL_NAME_BASE = "@rpath";
				FRAMEWORK_VERSION = A;
				INFOPLIST_FILE = OAStatusItemKit/Info.plist;
				INSTALL_PATH = "$(LOCAL_LIBRARY_DIR)/Frameworks";
				LD_RUNPATH_SEARCH_PATHS = "$(inherited) @executable_path/../Frameworks @loader_path/Frameworks";
				MACOSX_DEPLOYMENT_TARGET = 10.11;
				PRODUCT_BUNDLE_IDENTIFIER = nsomar.OAStatusItemKit;
				PRODUCT_NAME = "$(TARGET_NAME)";
				SKIP_INSTALL = YES;
				SWIFT_VERSION = 3.0;
			};
			name = Debug;
		};
		D76538651C4F21010073C059 /* Release */ = {
			isa = XCBuildConfiguration;
			baseConfigurationReference = B89204C89E477875464B16DE /* Pods-OAStatusItemKit.release.xcconfig */;
			buildSettings = {
				COMBINE_HIDPI_IMAGES = YES;
				DEFINES_MODULE = YES;
				DYLIB_COMPATIBILITY_VERSION = 1;
				DYLIB_CURRENT_VERSION = 1;
				DYLIB_INSTALL_NAME_BASE = "@rpath";
				FRAMEWORK_VERSION = A;
				INFOPLIST_FILE = OAStatusItemKit/Info.plist;
				INSTALL_PATH = "$(LOCAL_LIBRARY_DIR)/Frameworks";
				LD_RUNPATH_SEARCH_PATHS = "$(inherited) @executable_path/../Frameworks @loader_path/Frameworks";
				MACOSX_DEPLOYMENT_TARGET = 10.11;
				PRODUCT_BUNDLE_IDENTIFIER = nsomar.OAStatusItemKit;
				PRODUCT_NAME = "$(TARGET_NAME)";
				SKIP_INSTALL = YES;
				SWIFT_VERSION = 3.0;
			};
			name = Release;
		};
		D76538671C4F21010073C059 /* Debug */ = {
			isa = XCBuildConfiguration;
			baseConfigurationReference = BEBBCEF0D972CAF3A86BEB16 /* Pods-OAStatusItemKitTests.debug.xcconfig */;
			buildSettings = {
				ALWAYS_EMBED_SWIFT_STANDARD_LIBRARIES = YES;
				CLANG_ENABLE_MODULES = YES;
				COMBINE_HIDPI_IMAGES = YES;
				INFOPLIST_FILE = OAStatusItemKitTests/Info.plist;
				LD_RUNPATH_SEARCH_PATHS = "$(inherited) @executable_path/../Frameworks @loader_path/../Frameworks";
				MACOSX_DEPLOYMENT_TARGET = 10.11;
				PRODUCT_BUNDLE_IDENTIFIER = nsomar.OAStatusItemKitTests;
				PRODUCT_NAME = "$(TARGET_NAME)";
				SWIFT_OPTIMIZATION_LEVEL = "-Onone";
				SWIFT_VERSION = 3.0;
			};
			name = Debug;
		};
		D76538681C4F21010073C059 /* Release */ = {
			isa = XCBuildConfiguration;
			baseConfigurationReference = A8C2877BBEF8DD99180BE6C3 /* Pods-OAStatusItemKitTests.release.xcconfig */;
			buildSettings = {
				ALWAYS_EMBED_SWIFT_STANDARD_LIBRARIES = YES;
				CLANG_ENABLE_MODULES = YES;
				COMBINE_HIDPI_IMAGES = YES;
				INFOPLIST_FILE = OAStatusItemKitTests/Info.plist;
				LD_RUNPATH_SEARCH_PATHS = "$(inherited) @executable_path/../Frameworks @loader_path/../Frameworks";
				MACOSX_DEPLOYMENT_TARGET = 10.11;
				PRODUCT_BUNDLE_IDENTIFIER = nsomar.OAStatusItemKitTests;
				PRODUCT_NAME = "$(TARGET_NAME)";
				SWIFT_VERSION = 3.0;
			};
			name = Release;
		};
/* End XCBuildConfiguration section */

/* Begin XCConfigurationList section */
		D76538491C4F21000073C059 /* Build configuration list for PBXProject "OAStatusItemKit" */ = {
			isa = XCConfigurationList;
			buildConfigurations = (
				D76538611C4F21010073C059 /* Debug */,
				D76538621C4F21010073C059 /* Release */,
			);
			defaultConfigurationIsVisible = 0;
			defaultConfigurationName = Release;
		};
		D76538631C4F21010073C059 /* Build configuration list for PBXNativeTarget "OAStatusItemKit" */ = {
			isa = XCConfigurationList;
			buildConfigurations = (
				D76538641C4F21010073C059 /* Debug */,
				D76538651C4F21010073C059 /* Release */,
			);
			defaultConfigurationIsVisible = 0;
			defaultConfigurationName = Release;
		};
		D76538661C4F21010073C059 /* Build configuration list for PBXNativeTarget "OAStatusItemKitTests" */ = {
			isa = XCConfigurationList;
			buildConfigurations = (
				D76538671C4F21010073C059 /* Debug */,
				D76538681C4F21010073C059 /* Release */,
			);
			defaultConfigurationIsVisible = 0;
			defaultConfigurationName = Release;
		};
/* End XCConfigurationList section */
	};
	rootObject = D76538461C4F21000073C059 /* Project object */;
}
